
Microsoft Visual Studio Solution File, Format Version 12.00
# Visual Studio Version 17
VisualStudioVersion = 17.4.33110.190
MinimumVisualStudioVersion = 10.0.40219.1
Project("{FAE04EC0-301F-11D3-BF4B-00C04F79EFBC}") = "BatchTranscribeAssist", "BatchTranscribeAssist\BatchTranscribeAssist.csproj", "{A664D8DC-D769-4ED7-9E8E-C479544B13AB}"
EndProject
Global
	GlobalSection(SolutionConfigurationPlatforms) = preSolution
		Debug|Any CPU = Debug|Any CPU
		Release|Any CPU = Release|Any CPU
	EndGlobalSection
	GlobalSection(ProjectConfigurationPlatforms) = postSolution
		{A664D8DC-D769-4ED7-9E8E-C479544B13AB}.Debug|Any CPU.ActiveCfg = Debug|Any CPU
		{A664D8DC-D769-4ED7-9E8E-C479544B13AB}.Debug|Any CPU.Build.0 = Debug|Any CPU
		{A664D8DC-D769-4ED7-9E8E-C479544B13AB}.Release|Any CPU.ActiveCfg = Release|Any CPU
		{A664D8DC-D769-4ED7-9E8E-C479544B13AB}.Release|Any CPU.Build.0 = Release|Any CPU
	EndGlobalSection
	GlobalSection(SolutionProperties) = preSolution
		HideSolutionNode = FALSE
	EndGlobalSection
	GlobalSection(ExtensibilityGlobals) = postSolution
		SolutionGuid = {3E02DCBD-BF11-4542-BD47-7CB5143ED970}
	EndGlobalSection
EndGlobal
